
Microsoft Visual Studio Solution File, Format Version 12.00
# Visual Studio 15
VisualStudioVersion = 15.0.27130.2010
MinimumVisualStudioVersion = 10.0.40219.1
Project("{2150E333-8FDC-42A3-9474-1A3956D46DE8}") = "src", "src", "{ECA86D3D-BCC8-4802-9270-8D61C1DAEA21}"
EndProject
Project("{2150E333-8FDC-42A3-9474-1A3956D46DE8}") = "Services", "Services", "{E4E7E5DB-511B-42A1-A275-B99BF43FD219}"
EndProject
Project("{2150E333-8FDC-42A3-9474-1A3956D46DE8}") = "Identity", "Identity", "{34BED8FD-0863-45BB-87FE-5F12B953F238}"
EndProject
Project("{E53339B2-1760-4266-BCC7-CA923CBCF16C}") = "docker-compose", "docker-compose.dcproj", "{75143A0A-78A3-4CD7-AA16-505A4FCDFC75}"
EndProject
Project("{2150E333-8FDC-42A3-9474-1A3956D46DE8}") = "scripts", "scripts", "{A3CEE84B-F52B-4808-B08D-C4DDACC9DEAC}"
	ProjectSection(SolutionItems) = preProject
		build.ci.ps1 = build.ci.ps1
		build.ps1 = build.ps1
		run.ps1 = run.ps1
	EndProjectSection
EndProject
Project("{9A19103F-16F7-4668-BE54-9A1E7A4F7556}") = "Identity.API", "src\Services\Identity\Identity.API\Identity.API.csproj", "{CA29AAE6-92D4-49F1-9E77-CED2B8BEC7A6}"
EndProject
Project("{2150E333-8FDC-42A3-9474-1A3956D46DE8}") = "BuildingBlocks", "BuildingBlocks", "{A9EBB35A-77A0-4A8B-A3C4-89F22469E571}"
EndProject
Project("{2150E333-8FDC-42A3-9474-1A3956D46DE8}") = "WebHost", "WebHost", "{BB9A5329-FB65-4631-9CB0-8741AB747DB8}"
EndProject
Project("{FAE04EC0-301F-11D3-BF4B-00C04F79EFBC}") = "WebHost.Customization", "src\BuildingBlocks\WebHost\WebHost.Customization\WebHost.Customization.csproj", "{DBEBC23C-F45E-4CDB-B8B8-E8F2EBD90674}"
EndProject
Global
	GlobalSection(SolutionConfigurationPlatforms) = preSolution
		Debug|Any CPU = Debug|Any CPU
		Release|Any CPU = Release|Any CPU
	EndGlobalSection
	GlobalSection(ProjectConfigurationPlatforms) = postSolution
		{75143A0A-78A3-4CD7-AA16-505A4FCDFC75}.Debug|Any CPU.ActiveCfg = Debug|Any CPU
		{75143A0A-78A3-4CD7-AA16-505A4FCDFC75}.Debug|Any CPU.Build.0 = Debug|Any CPU
		{75143A0A-78A3-4CD7-AA16-505A4FCDFC75}.Release|Any CPU.ActiveCfg = Release|Any CPU
		{75143A0A-78A3-4CD7-AA16-505A4FCDFC75}.Release|Any CPU.Build.0 = Release|Any CPU
		{CA29AAE6-92D4-49F1-9E77-CED2B8BEC7A6}.Debug|Any CPU.ActiveCfg = Debug|Any CPU
		{CA29AAE6-92D4-49F1-9E77-CED2B8BEC7A6}.Debug|Any CPU.Build.0 = Debug|Any CPU
		{CA29AAE6-92D4-49F1-9E77-CED2B8BEC7A6}.Release|Any CPU.ActiveCfg = Release|Any CPU
		{CA29AAE6-92D4-49F1-9E77-CED2B8BEC7A6}.Release|Any CPU.Build.0 = Release|Any CPU
		{DBEBC23C-F45E-4CDB-B8B8-E8F2EBD90674}.Debug|Any CPU.ActiveCfg = Debug|Any CPU
		{DBEBC23C-F45E-4CDB-B8B8-E8F2EBD90674}.Debug|Any CPU.Build.0 = Debug|Any CPU
		{DBEBC23C-F45E-4CDB-B8B8-E8F2EBD90674}.Release|Any CPU.ActiveCfg = Release|Any CPU
		{DBEBC23C-F45E-4CDB-B8B8-E8F2EBD90674}.Release|Any CPU.Build.0 = Release|Any CPU
	EndGlobalSection
	GlobalSection(SolutionProperties) = preSolution
		HideSolutionNode = FALSE
	EndGlobalSection
	GlobalSection(NestedProjects) = preSolution
		{E4E7E5DB-511B-42A1-A275-B99BF43FD219} = {ECA86D3D-BCC8-4802-9270-8D61C1DAEA21}
		{34BED8FD-0863-45BB-87FE-5F12B953F238} = {E4E7E5DB-511B-42A1-A275-B99BF43FD219}
		{CA29AAE6-92D4-49F1-9E77-CED2B8BEC7A6} = {34BED8FD-0863-45BB-87FE-5F12B953F238}
		{A9EBB35A-77A0-4A8B-A3C4-89F22469E571} = {ECA86D3D-BCC8-4802-9270-8D61C1DAEA21}
		{BB9A5329-FB65-4631-9CB0-8741AB747DB8} = {A9EBB35A-77A0-4A8B-A3C4-89F22469E571}
		{DBEBC23C-F45E-4CDB-B8B8-E8F2EBD90674} = {BB9A5329-FB65-4631-9CB0-8741AB747DB8}
	EndGlobalSection
	GlobalSection(ExtensibilityGlobals) = postSolution
		SolutionGuid = {8FEE6B85-5873-43C4-9122-E9050C652E7B}
	EndGlobalSection
EndGlobal
