
Microsoft Visual Studio Solution File, Format Version 12.00
# Visual Studio 15
VisualStudioVersion = 15.0.27130.2010
MinimumVisualStudioVersion = 10.0.40219.1
Project("{2150E333-8FDC-42A3-9474-1A3956D46DE8}") = "src", "src", "{ECA86D3D-BCC8-4802-9270-8D61C1DAEA21}"
EndProject
Project("{2150E333-8FDC-42A3-9474-1A3956D46DE8}") = "Services", "Services", "{E4E7E5DB-511B-42A1-A275-B99BF43FD219}"
EndProject
Project("{2150E333-8FDC-42A3-9474-1A3956D46DE8}") = "Identity", "Identity", "{34BED8FD-0863-45BB-87FE-5F12B953F238}"
EndProject
Project("{E53339B2-1760-4266-BCC7-CA923CBCF16C}") = "docker-compose", "docker-compose.dcproj", "{75143A0A-78A3-4CD7-AA16-505A4FCDFC75}"
EndProject
Project("{2150E333-8FDC-42A3-9474-1A3956D46DE8}") = "scripts", "scripts", "{A3CEE84B-F52B-4808-B08D-C4DDACC9DEAC}"
	ProjectSection(SolutionItems) = preProject
		build.ci.ps1 = build.ci.ps1
		build.ps1 = build.ps1
		run.ps1 = run.ps1
	EndProjectSection
EndProject
Project("{9A19103F-16F7-4668-BE54-9A1E7A4F7556}") = "Identity.API", "src\Services\Identity\Identity.API\Identity.API.csproj", "{CA29AAE6-92D4-49F1-9E77-CED2B8BEC7A6}"
EndProject
Project("{2150E333-8FDC-42A3-9474-1A3956D46DE8}") = "BuildingBlocks", "BuildingBlocks", "{A9EBB35A-77A0-4A8B-A3C4-89F22469E571}"
EndProject
Project("{2150E333-8FDC-42A3-9474-1A3956D46DE8}") = "WebHost", "WebHost", "{BB9A5329-FB65-4631-9CB0-8741AB747DB8}"
EndProject
Project("{9A19103F-16F7-4668-BE54-9A1E7A4F7556}") = "WebHost.Customization", "src\BuildingBlocks\WebHost\WebHost.Customization\WebHost.Customization.csproj", "{DBEBC23C-F45E-4CDB-B8B8-E8F2EBD90674}"
EndProject
Project("{2150E333-8FDC-42A3-9474-1A3956D46DE8}") = "HealthChecks", "HealthChecks", "{297679D7-3B65-4649-AD00-35A6DE347BCF}"
EndProject
Project("{9A19103F-16F7-4668-BE54-9A1E7A4F7556}") = "Microsoft.AspNetCore.HealthChecks", "src\BuildingBlocks\HealthChecks\Microsoft.AspNetCore.HealthChecks\Microsoft.AspNetCore.HealthChecks.csproj", "{DEB5D7DE-2726-4061-8DF7-03728978AB8D}"
EndProject
Project("{9A19103F-16F7-4668-BE54-9A1E7A4F7556}") = "Microsoft.Extensions.HealthChecks", "src\BuildingBlocks\HealthChecks\Microsoft.Extensions.HealthChecks\Microsoft.Extensions.HealthChecks.csproj", "{4961B959-7F11-40E2-AC63-49B5839C995F}"
EndProject
Project("{9A19103F-16F7-4668-BE54-9A1E7A4F7556}") = "Microsoft.Extensions.HealthChecks.SqlServer", "src\BuildingBlocks\HealthChecks\Microsoft.Extensions.HealthChecks.SqlServer\Microsoft.Extensions.HealthChecks.SqlServer.csproj", "{10873F0C-A190-4C3F-B98C-A0117F18E2C8}"
EndProject
Project("{2150E333-8FDC-42A3-9474-1A3956D46DE8}") = "docs", "docs", "{1C7BF2A7-A49A-4E98-95EF-28E1BAA39837}"
	ProjectSection(SolutionItems) = preProject
		Architecture.txt = Architecture.txt
		docs\enableSqlServerTcpConnection.txt = docs\enableSqlServerTcpConnection.txt
		RoadMap.txt = RoadMap.txt
	EndProjectSection
EndProject
Project("{2150E333-8FDC-42A3-9474-1A3956D46DE8}") = "WebApps", "WebApps", "{E644C4DD-EDE4-4B89-B12A-D78669451E0D}"
EndProject
Project("{2150E333-8FDC-42A3-9474-1A3956D46DE8}") = "Resilience", "Resilience", "{55BF9911-9971-4E3A-B2F3-A20624E90BF9}"
EndProject
Project("{9A19103F-16F7-4668-BE54-9A1E7A4F7556}") = "Resilience.Http", "src\BuildingBlocks\Resilience\Resilience.Http\Resilience.Http.csproj", "{C75841D7-51C1-49BB-B7F2-9A8A5F6F0F6E}"
EndProject
Project("{2150E333-8FDC-42A3-9474-1A3956D46DE8}") = ".circleci", ".circleci", "{130E8B73-2AA8-478F-8951-2894878F9BA7}"
	ProjectSection(SolutionItems) = preProject
		.circleci\config.yml = .circleci\config.yml
	EndProjectSection
EndProject
Project("{9A19103F-16F7-4668-BE54-9A1E7A4F7556}") = "WebMVC", "src\WebApps\WebMVC\WebMVC.csproj", "{9D147D81-8B82-456E-B74C-97D92CCEC38E}"
EndProject
Project("{2150E333-8FDC-42A3-9474-1A3956D46DE8}") = "Solution Items", "Solution Items", "{9C51CFB5-CE9B-47C9-847C-2EACFD8893C1}"
	ProjectSection(SolutionItems) = preProject
		.gitignore = .gitignore
		README.md = README.md
	EndProjectSection
EndProject
Project("{2150E333-8FDC-42A3-9474-1A3956D46DE8}") = "EventBus", "EventBus", "{F3CAEA02-3759-4116-B101-D9C94E30F46A}"
EndProject
Project("{9A19103F-16F7-4668-BE54-9A1E7A4F7556}") = "EventBus.AnteyaSid", "src\BuildingBlocks\EventBus\EventBus.AnteyaSid\EventBus.AnteyaSid.csproj", "{EAD2C49F-9F04-459A-AA1C-51E57A9C2E03}"
EndProject
Project("{2150E333-8FDC-42A3-9474-1A3956D46DE8}") = "Catalog", "Catalog", "{B08F98C8-03EC-4A7C-9AD9-B2A6DB5F98A1}"
EndProject
Project("{9A19103F-16F7-4668-BE54-9A1E7A4F7556}") = "Catalog.API", "src\Services\Catalog\Catalog.API\Catalog.API.csproj", "{9169CF46-42AF-428B-8159-BCA1618D0100}"
EndProject
Project("{FAE04EC0-301F-11D3-BF4B-00C04F79EFBC}") = "EventBus.RabbitMQ", "src\BuildingBlocks\EventBus\EventBus.RabbitMQ\EventBus.RabbitMQ.csproj", "{CCB80F2A-66D9-4060-BA0D-DC04C8FB222D}"
EndProject
Global
	GlobalSection(SolutionConfigurationPlatforms) = preSolution
		Debug|Any CPU = Debug|Any CPU
		Release|Any CPU = Release|Any CPU
	EndGlobalSection
	GlobalSection(ProjectConfigurationPlatforms) = postSolution
		{75143A0A-78A3-4CD7-AA16-505A4FCDFC75}.Debug|Any CPU.ActiveCfg = Debug|Any CPU
		{75143A0A-78A3-4CD7-AA16-505A4FCDFC75}.Debug|Any CPU.Build.0 = Debug|Any CPU
		{75143A0A-78A3-4CD7-AA16-505A4FCDFC75}.Release|Any CPU.ActiveCfg = Release|Any CPU
		{75143A0A-78A3-4CD7-AA16-505A4FCDFC75}.Release|Any CPU.Build.0 = Release|Any CPU
		{CA29AAE6-92D4-49F1-9E77-CED2B8BEC7A6}.Debug|Any CPU.ActiveCfg = Debug|Any CPU
		{CA29AAE6-92D4-49F1-9E77-CED2B8BEC7A6}.Debug|Any CPU.Build.0 = Debug|Any CPU
		{CA29AAE6-92D4-49F1-9E77-CED2B8BEC7A6}.Release|Any CPU.ActiveCfg = Release|Any CPU
		{CA29AAE6-92D4-49F1-9E77-CED2B8BEC7A6}.Release|Any CPU.Build.0 = Release|Any CPU
		{DBEBC23C-F45E-4CDB-B8B8-E8F2EBD90674}.Debug|Any CPU.ActiveCfg = Debug|Any CPU
		{DBEBC23C-F45E-4CDB-B8B8-E8F2EBD90674}.Debug|Any CPU.Build.0 = Debug|Any CPU
		{DBEBC23C-F45E-4CDB-B8B8-E8F2EBD90674}.Release|Any CPU.ActiveCfg = Release|Any CPU
		{DBEBC23C-F45E-4CDB-B8B8-E8F2EBD90674}.Release|Any CPU.Build.0 = Release|Any CPU
		{DEB5D7DE-2726-4061-8DF7-03728978AB8D}.Debug|Any CPU.ActiveCfg = Debug|Any CPU
		{DEB5D7DE-2726-4061-8DF7-03728978AB8D}.Debug|Any CPU.Build.0 = Debug|Any CPU
		{DEB5D7DE-2726-4061-8DF7-03728978AB8D}.Release|Any CPU.ActiveCfg = Release|Any CPU
		{DEB5D7DE-2726-4061-8DF7-03728978AB8D}.Release|Any CPU.Build.0 = Release|Any CPU
		{4961B959-7F11-40E2-AC63-49B5839C995F}.Debug|Any CPU.ActiveCfg = Debug|Any CPU
		{4961B959-7F11-40E2-AC63-49B5839C995F}.Debug|Any CPU.Build.0 = Debug|Any CPU
		{4961B959-7F11-40E2-AC63-49B5839C995F}.Release|Any CPU.ActiveCfg = Release|Any CPU
		{4961B959-7F11-40E2-AC63-49B5839C995F}.Release|Any CPU.Build.0 = Release|Any CPU
		{10873F0C-A190-4C3F-B98C-A0117F18E2C8}.Debug|Any CPU.ActiveCfg = Debug|Any CPU
		{10873F0C-A190-4C3F-B98C-A0117F18E2C8}.Debug|Any CPU.Build.0 = Debug|Any CPU
		{10873F0C-A190-4C3F-B98C-A0117F18E2C8}.Release|Any CPU.ActiveCfg = Release|Any CPU
		{10873F0C-A190-4C3F-B98C-A0117F18E2C8}.Release|Any CPU.Build.0 = Release|Any CPU
		{C75841D7-51C1-49BB-B7F2-9A8A5F6F0F6E}.Debug|Any CPU.ActiveCfg = Debug|Any CPU
		{C75841D7-51C1-49BB-B7F2-9A8A5F6F0F6E}.Debug|Any CPU.Build.0 = Debug|Any CPU
		{C75841D7-51C1-49BB-B7F2-9A8A5F6F0F6E}.Release|Any CPU.ActiveCfg = Release|Any CPU
		{C75841D7-51C1-49BB-B7F2-9A8A5F6F0F6E}.Release|Any CPU.Build.0 = Release|Any CPU
		{9D147D81-8B82-456E-B74C-97D92CCEC38E}.Debug|Any CPU.ActiveCfg = Debug|Any CPU
		{9D147D81-8B82-456E-B74C-97D92CCEC38E}.Debug|Any CPU.Build.0 = Debug|Any CPU
		{9D147D81-8B82-456E-B74C-97D92CCEC38E}.Release|Any CPU.ActiveCfg = Release|Any CPU
		{9D147D81-8B82-456E-B74C-97D92CCEC38E}.Release|Any CPU.Build.0 = Release|Any CPU
		{EAD2C49F-9F04-459A-AA1C-51E57A9C2E03}.Debug|Any CPU.ActiveCfg = Debug|Any CPU
		{EAD2C49F-9F04-459A-AA1C-51E57A9C2E03}.Debug|Any CPU.Build.0 = Debug|Any CPU
		{EAD2C49F-9F04-459A-AA1C-51E57A9C2E03}.Release|Any CPU.ActiveCfg = Release|Any CPU
		{EAD2C49F-9F04-459A-AA1C-51E57A9C2E03}.Release|Any CPU.Build.0 = Release|Any CPU
		{9169CF46-42AF-428B-8159-BCA1618D0100}.Debug|Any CPU.ActiveCfg = Debug|Any CPU
		{9169CF46-42AF-428B-8159-BCA1618D0100}.Debug|Any CPU.Build.0 = Debug|Any CPU
		{9169CF46-42AF-428B-8159-BCA1618D0100}.Release|Any CPU.ActiveCfg = Release|Any CPU
		{9169CF46-42AF-428B-8159-BCA1618D0100}.Release|Any CPU.Build.0 = Release|Any CPU
		{CCB80F2A-66D9-4060-BA0D-DC04C8FB222D}.Debug|Any CPU.ActiveCfg = Debug|Any CPU
		{CCB80F2A-66D9-4060-BA0D-DC04C8FB222D}.Debug|Any CPU.Build.0 = Debug|Any CPU
		{CCB80F2A-66D9-4060-BA0D-DC04C8FB222D}.Release|Any CPU.ActiveCfg = Release|Any CPU
		{CCB80F2A-66D9-4060-BA0D-DC04C8FB222D}.Release|Any CPU.Build.0 = Release|Any CPU
	EndGlobalSection
	GlobalSection(SolutionProperties) = preSolution
		HideSolutionNode = FALSE
	EndGlobalSection
	GlobalSection(NestedProjects) = preSolution
		{E4E7E5DB-511B-42A1-A275-B99BF43FD219} = {ECA86D3D-BCC8-4802-9270-8D61C1DAEA21}
		{34BED8FD-0863-45BB-87FE-5F12B953F238} = {E4E7E5DB-511B-42A1-A275-B99BF43FD219}
		{CA29AAE6-92D4-49F1-9E77-CED2B8BEC7A6} = {34BED8FD-0863-45BB-87FE-5F12B953F238}
		{A9EBB35A-77A0-4A8B-A3C4-89F22469E571} = {ECA86D3D-BCC8-4802-9270-8D61C1DAEA21}
		{BB9A5329-FB65-4631-9CB0-8741AB747DB8} = {A9EBB35A-77A0-4A8B-A3C4-89F22469E571}
		{DBEBC23C-F45E-4CDB-B8B8-E8F2EBD90674} = {BB9A5329-FB65-4631-9CB0-8741AB747DB8}
		{297679D7-3B65-4649-AD00-35A6DE347BCF} = {A9EBB35A-77A0-4A8B-A3C4-89F22469E571}
		{DEB5D7DE-2726-4061-8DF7-03728978AB8D} = {297679D7-3B65-4649-AD00-35A6DE347BCF}
		{4961B959-7F11-40E2-AC63-49B5839C995F} = {297679D7-3B65-4649-AD00-35A6DE347BCF}
		{10873F0C-A190-4C3F-B98C-A0117F18E2C8} = {297679D7-3B65-4649-AD00-35A6DE347BCF}
		{E644C4DD-EDE4-4B89-B12A-D78669451E0D} = {ECA86D3D-BCC8-4802-9270-8D61C1DAEA21}
		{55BF9911-9971-4E3A-B2F3-A20624E90BF9} = {A9EBB35A-77A0-4A8B-A3C4-89F22469E571}
		{C75841D7-51C1-49BB-B7F2-9A8A5F6F0F6E} = {55BF9911-9971-4E3A-B2F3-A20624E90BF9}
		{9D147D81-8B82-456E-B74C-97D92CCEC38E} = {E644C4DD-EDE4-4B89-B12A-D78669451E0D}
		{F3CAEA02-3759-4116-B101-D9C94E30F46A} = {A9EBB35A-77A0-4A8B-A3C4-89F22469E571}
		{EAD2C49F-9F04-459A-AA1C-51E57A9C2E03} = {F3CAEA02-3759-4116-B101-D9C94E30F46A}
		{B08F98C8-03EC-4A7C-9AD9-B2A6DB5F98A1} = {E4E7E5DB-511B-42A1-A275-B99BF43FD219}
		{9169CF46-42AF-428B-8159-BCA1618D0100} = {B08F98C8-03EC-4A7C-9AD9-B2A6DB5F98A1}
		{CCB80F2A-66D9-4060-BA0D-DC04C8FB222D} = {F3CAEA02-3759-4116-B101-D9C94E30F46A}
	EndGlobalSection
	GlobalSection(ExtensibilityGlobals) = postSolution
		SolutionGuid = {8FEE6B85-5873-43C4-9122-E9050C652E7B}
	EndGlobalSection
EndGlobal
