
Microsoft Visual Studio Solution File, Format Version 12.00
# Visual Studio 15
VisualStudioVersion = 15.0.27130.2010
MinimumVisualStudioVersion = 10.0.40219.1
Project("{2150E333-8FDC-42A3-9474-1A3956D46DE8}") = "src", "src", "{ECA86D3D-BCC8-4802-9270-8D61C1DAEA21}"
EndProject
Project("{2150E333-8FDC-42A3-9474-1A3956D46DE8}") = "Services", "Services", "{E4E7E5DB-511B-42A1-A275-B99BF43FD219}"
EndProject
Project("{2150E333-8FDC-42A3-9474-1A3956D46DE8}") = "Identity", "Identity", "{34BED8FD-0863-45BB-87FE-5F12B953F238}"
EndProject
Project("{FAE04EC0-301F-11D3-BF4B-00C04F79EFBC}") = "Identity.API", "src\Services\Identity\Identity.API\Identity.API.csproj", "{973DD8F2-B7AE-4A4E-A07F-0080926B07B2}"
EndProject
Global
	GlobalSection(SolutionConfigurationPlatforms) = preSolution
		Debug|Any CPU = Debug|Any CPU
		Release|Any CPU = Release|Any CPU
	EndGlobalSection
	GlobalSection(ProjectConfigurationPlatforms) = postSolution
		{973DD8F2-B7AE-4A4E-A07F-0080926B07B2}.Debug|Any CPU.ActiveCfg = Debug|Any CPU
		{973DD8F2-B7AE-4A4E-A07F-0080926B07B2}.Debug|Any CPU.Build.0 = Debug|Any CPU
		{973DD8F2-B7AE-4A4E-A07F-0080926B07B2}.Release|Any CPU.ActiveCfg = Release|Any CPU
		{973DD8F2-B7AE-4A4E-A07F-0080926B07B2}.Release|Any CPU.Build.0 = Release|Any CPU
	EndGlobalSection
	GlobalSection(SolutionProperties) = preSolution
		HideSolutionNode = FALSE
	EndGlobalSection
	GlobalSection(NestedProjects) = preSolution
		{E4E7E5DB-511B-42A1-A275-B99BF43FD219} = {ECA86D3D-BCC8-4802-9270-8D61C1DAEA21}
		{34BED8FD-0863-45BB-87FE-5F12B953F238} = {E4E7E5DB-511B-42A1-A275-B99BF43FD219}
		{973DD8F2-B7AE-4A4E-A07F-0080926B07B2} = {34BED8FD-0863-45BB-87FE-5F12B953F238}
	EndGlobalSection
	GlobalSection(ExtensibilityGlobals) = postSolution
		SolutionGuid = {8FEE6B85-5873-43C4-9122-E9050C652E7B}
	EndGlobalSection
EndGlobal
